
Microsoft Visual Studio Solution File, Format Version 12.00
# Visual Studio Version 17
VisualStudioVersion = 17.8.34408.163
MinimumVisualStudioVersion = 10.0.40219.1
Project("{FAE04EC0-301F-11D3-BF4B-00C04F79EFBC}") = "Workaround", "Workaround\Workaround.csproj", "{7BE99538-A61C-48FD-931C-FD1DB5DF2B50}"
EndProject
Project("{FAE04EC0-301F-11D3-BF4B-00C04F79EFBC}") = "Entities", "Entities\Entities.csproj", "{A3296397-8FF4-4233-A106-DA53FD794059}"
EndProject
Project("{FAE04EC0-301F-11D3-BF4B-00C04F79EFBC}") = "Business", "Business\Business.csproj", "{4522C6CE-BDD3-4368-8872-30CCA55D3396}"
EndProject
Global
	GlobalSection(SolutionConfigurationPlatforms) = preSolution
		Debug|Any CPU = Debug|Any CPU
		Release|Any CPU = Release|Any CPU
	EndGlobalSection
	GlobalSection(ProjectConfigurationPlatforms) = postSolution
		{7BE99538-A61C-48FD-931C-FD1DB5DF2B50}.Debug|Any CPU.ActiveCfg = Debug|Any CPU
		{7BE99538-A61C-48FD-931C-FD1DB5DF2B50}.Debug|Any CPU.Build.0 = Debug|Any CPU
		{7BE99538-A61C-48FD-931C-FD1DB5DF2B50}.Release|Any CPU.ActiveCfg = Release|Any CPU
		{7BE99538-A61C-48FD-931C-FD1DB5DF2B50}.Release|Any CPU.Build.0 = Release|Any CPU
		{A3296397-8FF4-4233-A106-DA53FD794059}.Debug|Any CPU.ActiveCfg = Debug|Any CPU
		{A3296397-8FF4-4233-A106-DA53FD794059}.Debug|Any CPU.Build.0 = Debug|Any CPU
		{A3296397-8FF4-4233-A106-DA53FD794059}.Release|Any CPU.ActiveCfg = Release|Any CPU
		{A3296397-8FF4-4233-A106-DA53FD794059}.Release|Any CPU.Build.0 = Release|Any CPU
		{4522C6CE-BDD3-4368-8872-30CCA55D3396}.Debug|Any CPU.ActiveCfg = Debug|Any CPU
		{4522C6CE-BDD3-4368-8872-30CCA55D3396}.Debug|Any CPU.Build.0 = Debug|Any CPU
		{4522C6CE-BDD3-4368-8872-30CCA55D3396}.Release|Any CPU.ActiveCfg = Release|Any CPU
		{4522C6CE-BDD3-4368-8872-30CCA55D3396}.Release|Any CPU.Build.0 = Release|Any CPU
	EndGlobalSection
	GlobalSection(SolutionProperties) = preSolution
		HideSolutionNode = FALSE
	EndGlobalSection
	GlobalSection(ExtensibilityGlobals) = postSolution
		SolutionGuid = {FF7FFAE5-62AE-4612-A97F-236A1D1E9D1C}
	EndGlobalSection
EndGlobal
